PODS:
  - RxCocoa (3.0.0):
    - RxSwift (~> 3.0)
  - RxSwift (3.0.0)

DEPENDENCIES:
  - RxCocoa (~> 3.0.0)
  - RxSwift (~> 3.0.0)

SPEC CHECKSUMS:
  RxCocoa: 0a2f3ae381cf16f4021a4cee7a4420f83058a965
  RxSwift: a930cd662f5b4a7ca9dc3518585dba91dadf497c

PODFILE CHECKSUM: 63a8e5b89b10335cb04487bd72f9cad8cc2fe2a5

COCOAPODS: 1.1.1
