PODS:
  - RxCocoa (3.0.0-rc.1):
    - RxSwift (~> 3.0.0-rc.1)
  - RxSwift (3.0.0-rc.1)

DEPENDENCIES:
  - RxCocoa (~> 3.0.0-rc.1)
  - RxSwift (~> 3.0.0-rc.1)

SPEC CHECKSUMS:
  RxCocoa: e72a074a7f38896ec0382d096df5f58df10115c7
  RxSwift: d7a3819dd71789c473e3cbf1a0c02d58b2692739

PODFILE CHECKSUM: 99ee4c418fe29e92437688886f6152a3d1cddfad

COCOAPODS: 1.1.0.rc.2
